
Microsoft Visual Studio Solution File, Format Version 12.00
# Visual Studio Version 17
VisualStudioVersion = 17.5.33424.131
MinimumVisualStudioVersion = 10.0.40219.1
Project("{9A19103F-16F7-4668-BE54-9A1E7A4F7556}") = "A", "APP_A\A\A.csproj", "{AF073C24-5047-4FAD-A584-69FA4C1CAE7F}"
EndProject
Project("{9A19103F-16F7-4668-BE54-9A1E7A4F7556}") = "B", "APP_B\B\B.csproj", "{FC7B0DB6-834C-4EBE-BB9B-2AE26FA32CFC}"
EndProject
Project("{9A19103F-16F7-4668-BE54-9A1E7A4F7556}") = "A.Core", "APP_A\A.Core\A.Core.csproj", "{858F7790-830C-432C-AF97-D254E15F9163}"
EndProject
Project("{9A19103F-16F7-4668-BE54-9A1E7A4F7556}") = "B.Core", "APP_B\B.Core\B.Core.csproj", "{E5E7603C-D779-4A9C-BA3C-A175398C7E4A}"
EndProject
Project("{2150E333-8FDC-42A3-9474-1A3956D46DE8}") = "App_A", "App_A", "{E7D162D5-09DB-4A5C-B2B4-6817FBA744B4}"
EndProject
Project("{2150E333-8FDC-42A3-9474-1A3956D46DE8}") = "App_B", "App_B", "{752A8A0D-6CFD-4BB9-BD18-A11760B423F4}"
EndProject
Global
	GlobalSection(SolutionConfigurationPlatforms) = preSolution
		Debug|Any CPU = Debug|Any CPU
		Release|Any CPU = Release|Any CPU
	EndGlobalSection
	GlobalSection(ProjectConfigurationPlatforms) = postSolution
		{AF073C24-5047-4FAD-A584-69FA4C1CAE7F}.Debug|Any CPU.ActiveCfg = Debug|Any CPU
		{AF073C24-5047-4FAD-A584-69FA4C1CAE7F}.Debug|Any CPU.Build.0 = Debug|Any CPU
		{AF073C24-5047-4FAD-A584-69FA4C1CAE7F}.Release|Any CPU.ActiveCfg = Release|Any CPU
		{AF073C24-5047-4FAD-A584-69FA4C1CAE7F}.Release|Any CPU.Build.0 = Release|Any CPU
		{FC7B0DB6-834C-4EBE-BB9B-2AE26FA32CFC}.Debug|Any CPU.ActiveCfg = Debug|Any CPU
		{FC7B0DB6-834C-4EBE-BB9B-2AE26FA32CFC}.Debug|Any CPU.Build.0 = Debug|Any CPU
		{FC7B0DB6-834C-4EBE-BB9B-2AE26FA32CFC}.Release|Any CPU.ActiveCfg = Release|Any CPU
		{FC7B0DB6-834C-4EBE-BB9B-2AE26FA32CFC}.Release|Any CPU.Build.0 = Release|Any CPU
		{858F7790-830C-432C-AF97-D254E15F9163}.Debug|Any CPU.ActiveCfg = Debug|Any CPU
		{858F7790-830C-432C-AF97-D254E15F9163}.Debug|Any CPU.Build.0 = Debug|Any CPU
		{858F7790-830C-432C-AF97-D254E15F9163}.Release|Any CPU.ActiveCfg = Release|Any CPU
		{858F7790-830C-432C-AF97-D254E15F9163}.Release|Any CPU.Build.0 = Release|Any CPU
		{E5E7603C-D779-4A9C-BA3C-A175398C7E4A}.Debug|Any CPU.ActiveCfg = Debug|Any CPU
		{E5E7603C-D779-4A9C-BA3C-A175398C7E4A}.Debug|Any CPU.Build.0 = Debug|Any CPU
		{E5E7603C-D779-4A9C-BA3C-A175398C7E4A}.Release|Any CPU.ActiveCfg = Release|Any CPU
		{E5E7603C-D779-4A9C-BA3C-A175398C7E4A}.Release|Any CPU.Build.0 = Release|Any CPU
	EndGlobalSection
	GlobalSection(SolutionProperties) = preSolution
		HideSolutionNode = FALSE
	EndGlobalSection
	GlobalSection(NestedProjects) = preSolution
		{AF073C24-5047-4FAD-A584-69FA4C1CAE7F} = {E7D162D5-09DB-4A5C-B2B4-6817FBA744B4}
		{FC7B0DB6-834C-4EBE-BB9B-2AE26FA32CFC} = {752A8A0D-6CFD-4BB9-BD18-A11760B423F4}
		{858F7790-830C-432C-AF97-D254E15F9163} = {E7D162D5-09DB-4A5C-B2B4-6817FBA744B4}
		{E5E7603C-D779-4A9C-BA3C-A175398C7E4A} = {752A8A0D-6CFD-4BB9-BD18-A11760B423F4}
	EndGlobalSection
	GlobalSection(ExtensibilityGlobals) = postSolution
		SolutionGuid = {5EEBDEAE-E9BF-4AF9-832F-AE3DADF06B5F}
	EndGlobalSection
EndGlobal
